
Microsoft Visual Studio Solution File, Format Version 12.00
# Visual Studio Version 17
VisualStudioVersion = 17.7.34221.43
MinimumVisualStudioVersion = 10.0.40219.1
Project("{9A19103F-16F7-4668-BE54-9A1E7A4F7556}") = "DungeonStuff", "DungeonStuff\DungeonStuff.csproj", "{2051C237-B2E1-4EF4-83B7-4D1FCB4479F7}"
EndProject
Project("{2150E333-8FDC-42A3-9474-1A3956D46DE8}") = "Character", "Character", "{629576E2-FD56-40FC-96C6-D6707A34C809}"
	ProjectSection(SolutionItems) = preProject
		DungeonStuff\Character.cs = DungeonStuff\Character.cs
	EndProjectSection
EndProject
Project("{2150E333-8FDC-42A3-9474-1A3956D46DE8}") = "Classes", "Classes", "{B0F51124-FDD4-4A09-B616-81644AB1B796}"
	ProjectSection(SolutionItems) = preProject
		DungeonStuff\Berserk.cs = DungeonStuff\Berserk.cs
		DungeonStuff\Healer.cs = DungeonStuff\Healer.cs
		DungeonStuff\Mage.cs = DungeonStuff\Mage.cs
	EndProjectSection
EndProject
Project("{2150E333-8FDC-42A3-9474-1A3956D46DE8}") = "Enemy", "Enemy", "{91064A79-0838-4996-B201-DE1844690C5F}"
	ProjectSection(SolutionItems) = preProject
		DungeonStuff\Monster.cs = DungeonStuff\Monster.cs
	EndProjectSection
EndProject
Project("{2150E333-8FDC-42A3-9474-1A3956D46DE8}") = "Main", "Main", "{187E56AB-A5FF-47FD-B73F-D22E6E27B041}"
	ProjectSection(SolutionItems) = preProject
		DungeonStuff\Map.cs = DungeonStuff\Map.cs
		DungeonStuff\Menu.cs = DungeonStuff\Menu.cs
		DungeonStuff\Program.cs = DungeonStuff\Program.cs
	EndProjectSection
EndProject
Project("{2150E333-8FDC-42A3-9474-1A3956D46DE8}") = "Solution Items", "Solution Items", "{93FE6533-DDF4-4296-8E5D-2E4B329D83D2}"
EndProject
Global
	GlobalSection(SolutionConfigurationPlatforms) = preSolution
		Debug|Any CPU = Debug|Any CPU
		Release|Any CPU = Release|Any CPU
	EndGlobalSection
	GlobalSection(ProjectConfigurationPlatforms) = postSolution
		{2051C237-B2E1-4EF4-83B7-4D1FCB4479F7}.Debug|Any CPU.ActiveCfg = Debug|Any CPU
		{2051C237-B2E1-4EF4-83B7-4D1FCB4479F7}.Debug|Any CPU.Build.0 = Debug|Any CPU
		{2051C237-B2E1-4EF4-83B7-4D1FCB4479F7}.Release|Any CPU.ActiveCfg = Release|Any CPU
		{2051C237-B2E1-4EF4-83B7-4D1FCB4479F7}.Release|Any CPU.Build.0 = Release|Any CPU
	EndGlobalSection
	GlobalSection(SolutionProperties) = preSolution
		HideSolutionNode = FALSE
	EndGlobalSection
	GlobalSection(NestedProjects) = preSolution
		{B0F51124-FDD4-4A09-B616-81644AB1B796} = {629576E2-FD56-40FC-96C6-D6707A34C809}
		{91064A79-0838-4996-B201-DE1844690C5F} = {629576E2-FD56-40FC-96C6-D6707A34C809}
	EndGlobalSection
	GlobalSection(ExtensibilityGlobals) = postSolution
		SolutionGuid = {EA5F684D-7733-4F1D-8683-02D8731DC75F}
	EndGlobalSection
EndGlobal
